
Microsoft Visual Studio Solution File, Format Version 12.00
# Visual Studio Version 16
VisualStudioVersion = 16.0.31729.503
MinimumVisualStudioVersion = 10.0.40219.1
Project("{FAE04EC0-301F-11D3-BF4B-00C04F79EFBC}") = "Hackathon Internship", "Hackathon Internship.csproj", "{0455B15B-B11C-45C3-906F-4813B705D59D}"
EndProject
Global
	GlobalSection(SolutionConfigurationPlatforms) = preSolution
		Debug|Any CPU = Debug|Any CPU
		Release|Any CPU = Release|Any CPU
	EndGlobalSection
	GlobalSection(ProjectConfigurationPlatforms) = postSolution
		{0455B15B-B11C-45C3-906F-4813B705D59D}.Debug|Any CPU.ActiveCfg = Debug|Any CPU
		{0455B15B-B11C-45C3-906F-4813B705D59D}.Debug|Any CPU.Build.0 = Debug|Any CPU
		{0455B15B-B11C-45C3-906F-4813B705D59D}.Release|Any CPU.ActiveCfg = Release|Any CPU
		{0455B15B-B11C-45C3-906F-4813B705D59D}.Release|Any CPU.Build.0 = Release|Any CPU
	EndGlobalSection
	GlobalSection(SolutionProperties) = preSolution
		HideSolutionNode = FALSE
	EndGlobalSection
	GlobalSection(ExtensibilityGlobals) = postSolution
		SolutionGuid = {BFED7532-2108-4972-B43D-0F2729506C56}
	EndGlobalSection
EndGlobal
